
Microsoft Visual Studio Solution File, Format Version 12.00
# Visual Studio 15
VisualStudioVersion = 15.0.28307.2092
MinimumVisualStudioVersion = 10.0.40219.1
Project("{FAE04EC0-301F-11D3-BF4B-00C04F79EFBC}") = "UserManegementSystem", "UserManegementSystem\UserManegementSystem.csproj", "{BA666A8C-7C7B-4A35-BF19-36AD935D75B9}"
EndProject
Global
	GlobalSection(SolutionConfigurationPlatforms) = preSolution
		Debug|Any CPU = Debug|Any CPU
		Release|Any CPU = Release|Any CPU
	EndGlobalSection
	GlobalSection(ProjectConfigurationPlatforms) = postSolution
		{BA666A8C-7C7B-4A35-BF19-36AD935D75B9}.Debug|Any CPU.ActiveCfg = Debug|Any CPU
		{BA666A8C-7C7B-4A35-BF19-36AD935D75B9}.Debug|Any CPU.Build.0 = Debug|Any CPU
		{BA666A8C-7C7B-4A35-BF19-36AD935D75B9}.Release|Any CPU.ActiveCfg = Release|Any CPU
		{BA666A8C-7C7B-4A35-BF19-36AD935D75B9}.Release|Any CPU.Build.0 = Release|Any CPU
	EndGlobalSection
	GlobalSection(SolutionProperties) = preSolution
		HideSolutionNode = FALSE
	EndGlobalSection
	GlobalSection(ExtensibilityGlobals) = postSolution
		SolutionGuid = {A695037D-E598-4E4C-AB22-7079BB5634F4}
	EndGlobalSection
EndGlobal
